{
  "requires": true,
  "lockfileVersion": 1,
  "dependencies": {
    "byte-length": {
      "version": "0.1.1",
      "resolved": "https://registry.npmjs.org/byte-length/-/byte-length-0.1.1.tgz",
      "integrity": "sha1-6bR3TbznxZdkv1vofDAniaiHOMM="
    },
    "es6-promise": {
      "version": "3.3.1",
      "resolved": "https://registry.npmjs.org/es6-promise/-/es6-promise-3.3.1.tgz",
      "integrity": "sha1-oIzd6EzNvzTQJ6FFG8kdS80ophM="
    },
    "http-client": {
      "version": "4.3.1",
      "resolved": "https://registry.npmjs.org/http-client/-/http-client-4.3.1.tgz",
      "integrity": "sha1-z4L6Gx75k8B4qCFE/md6hnG8fPI=",
      "requires": {
        "byte-length": "^0.1.1",
        "query-string": "^4.1.0"
      }
    },
    "httpclient": {
      "version": "0.1.0",
      "resolved": "https://registry.npmjs.org/httpclient/-/httpclient-0.1.0.tgz",
      "integrity": "sha1-aAQWs4zIa3gwK3q925OgzQMAMW8=",
      "requires": {
        "es6-promise": "^3.1.2"
      }
    },
    "object-assign": {
      "version": "4.1.1",
      "resolved": "https://registry.npmjs.org/object-assign/-/object-assign-4.1.1.tgz",
      "integrity": "sha1-IQmtx5ZYh8/AXLvUQsrIv7s2CGM="
    },
    "query-string": {
      "version": "4.3.4",
      "resolved": "https://registry.npmjs.org/query-string/-/query-string-4.3.4.tgz",
      "integrity": "sha1-u7aTucqRXCMlFbIosaArYJBD2+s=",
      "requires": {
        "object-assign": "^4.1.0",
        "strict-uri-encode": "^1.0.0"
      }
    },
    "strict-uri-encode": {
      "version": "1.1.0",
      "resolved": "https://registry.npmjs.org/strict-uri-encode/-/strict-uri-encode-1.1.0.tgz",
      "integrity": "sha1-J5siXfHVgrH1TmWt3UNS4Y+qBxM="
    }
  }
}
